// !$*UTF8*$!
{
	archiveVersion = 1;
	classes = {
	};
	objectVersion = 46;
	objects = {

/* Begin PBXBuildFile section */
		11D0A0D71B219FE900B32638 /* main.m in Sources */ = {isa = PBXBuildFile; fileRef = 11D0A0D61B219FE900B32638 /* main.m */; };
		11D0A0DA1B219FE900B32638 /* AppDelegate.m in Sources */ = {isa = PBXBuildFile; fileRef = 11D0A0D91B219FE900B32638 /* AppDelegate.m */; };
		11D0A0DD1B219FE900B32638 /* ViewController.m in Sources */ = {isa = PBXBuildFile; fileRef = 11D0A0DC1B219FE900B32638 /* ViewController.m */; };
		11D0A0E21B219FE900B32638 /* Images.xcassets in Resources */ = {isa = PBXBuildFile; fileRef = 11D0A0E11B219FE900B32638 /* Images.xcassets */; };
		11D0A0F11B219FE900B32638 /* HPTabBarControllerTests.m in Sources */ = {isa = PBXBuildFile; fileRef = 11D0A0F01B219FE900B32638 /* HPTabBarControllerTests.m */; };
		11D0A1051B21A06900B32638 /* HPTabBar.m in Sources */ = {isa = PBXBuildFile; fileRef = 11D0A0FC1B21A06900B32638 /* HPTabBar.m */; };
		11D0A1061B21A06900B32638 /* HPTabBarController.m in Sources */ = {isa = PBXBuildFile; fileRef = 11D0A0FE1B21A06900B32638 /* HPTabBarController.m */; };
		11D0A1071B21A06900B32638 /* HPTabBarItem.m in Sources */ = {isa = PBXBuildFile; fileRef = 11D0A1001B21A06900B32638 /* HPTabBarItem.m */; };
		11D0A1081B21A06900B32638 /* HPTabBarMessage.m in Sources */ = {isa = PBXBuildFile; fileRef = 11D0A1021B21A06900B32638 /* HPTabBarMessage.m */; };
		11D0A1091B21A06900B32638 /* UIViewController+HPTabBarController.m in Sources */ = {isa = PBXBuildFile; fileRef = 11D0A1041B21A06900B32638 /* UIViewController+HPTabBarController.m */; };
		11D0A10D1B21A0BA00B32638 /* meo.png in Resources */ = {isa = PBXBuildFile; fileRef = 11D0A10B1B21A0BA00B32638 /* meo.png */; };
		11D0A10E1B21A0BA00B32638 /* meoBlue.png in Resources */ = {isa = PBXBuildFile; fileRef = 11D0A10C1B21A0BA00B32638 /* meoBlue.png */; };
		E5B12FE51D99091F003C4A27 /* Default-568h@2x.png in Resources */ = {isa = PBXBuildFile; fileRef = E5B12FE41D99091F003C4A27 /* Default-568h@2x.png */; };
/* End PBXBuildFile section */

/* Begin PBXContainerItemProxy section */
		11D0A0EB1B219FE900B32638 /* PBXContainerItemProxy */ = {
			isa = PBXContainerItemProxy;
			containerPortal = 11D0A0C91B219FE900B32638 /* Project object */;
			proxyType = 1;
			remoteGlobalIDString = 11D0A0D01B219FE900B32638;
			remoteInfo = HPTabBarController;
		};
/* End PBXContainerItemProxy section */

/* Begin PBXFileReference section */
		11D0A0D11B219FE900B32638 /* HPTabBarController.app */ = {isa = PBXFileReference; explicitFileType = wrapper.application; includeInIndex = 0; path = HPTabBarController.app; sourceTree = BUILT_PRODUCTS_DIR; };
		11D0A0D51B219FE900B32638 /* Info.plist */ = {isa = PBXFileReference; lastKnownFileType = text.plist.xml; path = Info.plist; sourceTree = "<group>"; };
		11D0A0D61B219FE900B32638 /* main.m */ = {isa = PBXFileReference; lastKnownFileType = sourcecode.c.objc; path = main.m; sourceTree = "<group>"; };
		11D0A0D81B219FE900B32638 /* AppDelegate.h */ = {isa = PBXFileReference; lastKnownFileType = sourcecode.c.h; path = AppDelegate.h; sourceTree = "<group>"; };
		11D0A0D91B219FE900B32638 /* AppDelegate.m */ = {isa = PBXFileReference; lastKnownFileType = sourcecode.c.objc; path = AppDelegate.m; sourceTree = "<group>"; };
		11D0A0DB1B219FE900B32638 /* ViewController.h */ = {isa = PBXFileReference; lastKnownFileType = sourcecode.c.h; path = ViewController.h; sourceTree = "<group>"; };
		11D0A0DC1B219FE900B32638 /* ViewController.m */ = {isa = PBXFileReference; lastKnownFileType = sourcecode.c.objc; path = ViewController.m; sourceTree = "<group>"; };
		11D0A0E11B219FE900B32638 /* Images.xcassets */ = {isa = PBXFileReference; lastKnownFileType = folder.assetcatalog; path = Images.xcassets; sourceTree = "<group>"; };
		11D0A0EA1B219FE900B32638 /* HPTabBarControllerTests.xctest */ = {isa = PBXFileReference; explicitFileType = wrapper.cfbundle; includeInIndex = 0; path = HPTabBarControllerTests.xctest; sourceTree = BUILT_PRODUCTS_DIR; };
		11D0A0EF1B219FE900B32638 /* Info.plist */ = {isa = PBXFileReference; lastKnownFileType = text.plist.xml; path = Info.plist; sourceTree = "<group>"; };
		11D0A0F01B219FE900B32638 /* HPTabBarControllerTests.m */ = {isa = PBXFileReference; lastKnownFileType = sourcecode.c.objc; path = HPTabBarControllerTests.m; sourceTree = "<group>"; };
		11D0A0FB1B21A06900B32638 /* HPTabBar.h */ = {isa = PBXFileReference; fileEncoding = 4; lastKnownFileType = sourcecode.c.h; name = HPTabBar.h; path = Classes/HPTabBar.h; sourceTree = "<group>"; };
		11D0A0FC1B21A06900B32638 /* HPTabBar.m */ = {isa = PBXFileReference; fileEncoding = 4; lastKnownFileType = sourcecode.c.objc; name = HPTabBar.m; path = Classes/HPTabBar.m; sourceTree = "<group>"; };
		11D0A0FD1B21A06900B32638 /* HPTabBarController.h */ = {isa = PBXFileReference; fileEncoding = 4; lastKnownFileType = sourcecode.c.h; name = HPTabBarController.h; path = Classes/HPTabBarController.h; sourceTree = "<group>"; };
		11D0A0FE1B21A06900B32638 /* HPTabBarController.m */ = {isa = PBXFileReference; fileEncoding = 4; lastKnownFileType = sourcecode.c.objc; name = HPTabBarController.m; path = Classes/HPTabBarController.m; sourceTree = "<group>"; };
		11D0A0FF1B21A06900B32638 /* HPTabBarItem.h */ = {isa = PBXFileReference; fileEncoding = 4; lastKnownFileType = sourcecode.c.h; name = HPTabBarItem.h; path = Classes/HPTabBarItem.h; sourceTree = "<group>"; };
		11D0A1001B21A06900B32638 /* HPTabBarItem.m */ = {isa = PBXFileReference; fileEncoding = 4; lastKnownFileType = sourcecode.c.objc; name = HPTabBarItem.m; path = Classes/HPTabBarItem.m; sourceTree = "<group>"; };
		11D0A1011B21A06900B32638 /* HPTabBarMessage.h */ = {isa = PBXFileReference; fileEncoding = 4; lastKnownFileType = sourcecode.c.h; name = HPTabBarMessage.h; path = Classes/HPTabBarMessage.h; sourceTree = "<group>"; };
		11D0A1021B21A06900B32638 /* HPTabBarMessage.m */ = {isa = PBXFileReference; fileEncoding = 4; lastKnownFileType = sourcecode.c.objc; name = HPTabBarMessage.m; path = Classes/HPTabBarMessage.m; sourceTree = "<group>"; };
		11D0A1031B21A06900B32638 /* UIViewController+HPTabBarController.h */ = {isa = PBXFileReference; fileEncoding = 4; lastKnownFileType = sourcecode.c.h; name = "UIViewController+HPTabBarController.h"; path = "Classes/UIViewController+HPTabBarController.h"; sourceTree = "<group>"; };
		11D0A1041B21A06900B32638 /* UIViewController+HPTabBarController.m */ = {isa = PBXFileReference; fileEncoding = 4; lastKnownFileType = sourcecode.c.objc; name = "UIViewController+HPTabBarController.m"; path = "Classes/UIViewController+HPTabBarController.m"; sourceTree = "<group>"; };
		11D0A10B1B21A0BA00B32638 /* meo.png */ = {isa = PBXFileReference; lastKnownFileType = image.png; name = meo.png; path = HPTabBarController/Resource/meo.png; sourceTree = "<group>"; };
		11D0A10C1B21A0BA00B32638 /* meoBlue.png */ = {isa = PBXFileReference; lastKnownFileType = image.png; name = meoBlue.png; path = HPTabBarController/Resource/meoBlue.png; sourceTree = "<group>"; };
		E5B12FE41D99091F003C4A27 /* Default-568h@2x.png */ = {isa = PBXFileReference; lastKnownFileType = image.png; name = "Default-568h@2x.png"; path = "../Default-568h@2x.png"; sourceTree = "<group>"; };
/* End PBXFileReference section */

/* Begin PBXFrameworksBuildPhase section */
		11D0A0CE1B219FE900B32638 /* Frameworks */ = {
			isa = PBXFrameworksBuildPhase;
			buildActionMask = 2147483647;
			files = (
			);
			runOnlyForDeploymentPostprocessing = 0;
		};
		11D0A0E71B219FE900B32638 /* Frameworks */ = {
			isa = PBXFrameworksBuildPhase;
			buildActionMask = 2147483647;
			files = (
			);
			runOnlyForDeploymentPostprocessing = 0;
		};
/* End PBXFrameworksBuildPhase section */

/* Begin PBXGroup section */
		11D0A0C81B219FE900B32638 = {
			isa = PBXGroup;
			children = (
				11D0A0FA1B21A04800B32638 /* Classes */,
				11D0A0D31B219FE900B32638 /* HPTabBarController */,
				11D0A0ED1B219FE900B32638 /* HPTabBarControllerTests */,
				11D0A0D21B219FE900B32638 /* Products */,
			);
			sourceTree = "<group>";
		};
		11D0A0D21B219FE900B32638 /* Products */ = {
			isa = PBXGroup;
			children = (
				11D0A0D11B219FE900B32638 /* HPTabBarController.app */,
				11D0A0EA1B219FE900B32638 /* HPTabBarControllerTests.xctest */,
			);
			name = Products;
			sourceTree = "<group>";
		};
		11D0A0D31B219FE900B32638 /* HPTabBarController */ = {
			isa = PBXGroup;
			children = (
				11D0A10A1B21A09E00B32638 /* Resources */,
				11D0A0D81B219FE900B32638 /* AppDelegate.h */,
				11D0A0D91B219FE900B32638 /* AppDelegate.m */,
				11D0A0DB1B219FE900B32638 /* ViewController.h */,
				11D0A0DC1B219FE900B32638 /* ViewController.m */,
				11D0A0E11B219FE900B32638 /* Images.xcassets */,
				11D0A0D41B219FE900B32638 /* Supporting Files */,
			);
			path = HPTabBarController;
			sourceTree = "<group>";
		};
		11D0A0D41B219FE900B32638 /* Supporting Files */ = {
			isa = PBXGroup;
			children = (
				E5B12FE41D99091F003C4A27 /* Default-568h@2x.png */,
				11D0A0D51B219FE900B32638 /* Info.plist */,
				11D0A0D61B219FE900B32638 /* main.m */,
			);
			name = "Supporting Files";
			sourceTree = "<group>";
		};
		11D0A0ED1B219FE900B32638 /* HPTabBarControllerTests */ = {
			isa = PBXGroup;
			children = (
				11D0A0F01B219FE900B32638 /* HPTabBarControllerTests.m */,
				11D0A0EE1B219FE900B32638 /* Supporting Files */,
			);
			path = HPTabBarControllerTests;
			sourceTree = "<group>";
		};
		11D0A0EE1B219FE900B32638 /* Supporting Files */ = {
			isa = PBXGroup;
			children = (
				11D0A0EF1B219FE900B32638 /* Info.plist */,
			);
			name = "Supporting Files";
			sourceTree = "<group>";
		};
		11D0A0FA1B21A04800B32638 /* Classes */ = {
			isa = PBXGroup;
			children = (
				11D0A0FB1B21A06900B32638 /* HPTabBar.h */,
				11D0A0FC1B21A06900B32638 /* HPTabBar.m */,
				11D0A0FD1B21A06900B32638 /* HPTabBarController.h */,
				11D0A0FE1B21A06900B32638 /* HPTabBarController.m */,
				11D0A0FF1B21A06900B32638 /* HPTabBarItem.h */,
				11D0A1001B21A06900B32638 /* HPTabBarItem.m */,
				11D0A1011B21A06900B32638 /* HPTabBarMessage.h */,
				11D0A1021B21A06900B32638 /* HPTabBarMessage.m */,
				11D0A1031B21A06900B32638 /* UIViewController+HPTabBarController.h */,
				11D0A1041B21A06900B32638 /* UIViewController+HPTabBarController.m */,
			);
			name = Classes;
			sourceTree = "<group>";
		};
		11D0A10A1B21A09E00B32638 /* Resources */ = {
			isa = PBXGroup;
			children = (
				11D0A10B1B21A0BA00B32638 /* meo.png */,
				11D0A10C1B21A0BA00B32638 /* meoBlue.png */,
			);
			name = Resources;
			path = ..;
			sourceTree = "<group>";
		};
/* End PBXGroup section */

/* Begin PBXNativeTarget section */
		11D0A0D01B219FE900B32638 /* HPTabBarController */ = {
			isa = PBXNativeTarget;
			buildConfigurationList = 11D0A0F41B219FE900B32638 /* Build configuration list for PBXNativeTarget "HPTabBarController" */;
			buildPhases = (
				11D0A0CD1B219FE900B32638 /* Sources */,
				11D0A0CE1B219FE900B32638 /* Frameworks */,
				11D0A0CF1B219FE900B32638 /* Resources */,
			);
			buildRules = (
			);
			dependencies = (
			);
			name = HPTabBarController;
			productName = HPTabBarController;
			productReference = 11D0A0D11B219FE900B32638 /* HPTabBarController.app */;
			productType = "com.apple.product-type.application";
		};
		11D0A0E91B219FE900B32638 /* HPTabBarControllerTests */ = {
			isa = PBXNativeTarget;
			buildConfigurationList = 11D0A0F71B219FE900B32638 /* Build configuration list for PBXNativeTarget "HPTabBarControllerTests" */;
			buildPhases = (
				11D0A0E61B219FE900B32638 /* Sources */,
				11D0A0E71B219FE900B32638 /* Frameworks */,
				11D0A0E81B219FE900B32638 /* Resources */,
			);
			buildRules = (
			);
			dependencies = (
				11D0A0EC1B219FE900B32638 /* PBXTargetDependency */,
			);
			name = HPTabBarControllerTests;
			productName = HPTabBarControllerTests;
			productReference = 11D0A0EA1B219FE900B32638 /* HPTabBarControllerTests.xctest */;
			productType = "com.apple.product-type.bundle.unit-test";
		};
/* End PBXNativeTarget section */

/* Begin PBXProject section */
		11D0A0C91B219FE900B32638 /* Project object */ = {
			isa = PBXProject;
			attributes = {
				LastUpgradeCheck = 0800;
				ORGANIZATIONNAME = Katana;
				TargetAttributes = {
					11D0A0D01B219FE900B32638 = {
						CreatedOnToolsVersion = 6.3.2;
					};
					11D0A0E91B219FE900B32638 = {
						CreatedOnToolsVersion = 6.3.2;
						TestTargetID = 11D0A0D01B219FE900B32638;
					};
				};
			};
			buildConfigurationList = 11D0A0CC1B219FE900B32638 /* Build configuration list for PBXProject "HPTabBarController" */;
			compatibilityVersion = "Xcode 3.2";
			developmentRegion = English;
			hasScannedForEncodings = 0;
			knownRegions = (
				en,
				Base,
			);
			mainGroup = 11D0A0C81B219FE900B32638;
			productRefGroup = 11D0A0D21B219FE900B32638 /* Products */;
			projectDirPath = "";
			projectRoot = "";
			targets = (
				11D0A0D01B219FE900B32638 /* HPTabBarController */,
				11D0A0E91B219FE900B32638 /* HPTabBarControllerTests */,
			);
		};
/* End PBXProject section */

/* Begin PBXResourcesBuildPhase section */
		11D0A0CF1B219FE900B32638 /* Resources */ = {
			isa = PBXResourcesBuildPhase;
			buildActionMask = 2147483647;
			files = (
				11D0A0E21B219FE900B32638 /* Images.xcassets in Resources */,
				E5B12FE51D99091F003C4A27 /* Default-568h@2x.png in Resources */,
				11D0A10E1B21A0BA00B32638 /* meoBlue.png in Resources */,
				11D0A10D1B21A0BA00B32638 /* meo.png in Resources */,
			);
			runOnlyForDeploymentPostprocessing = 0;
		};
		11D0A0E81B219FE900B32638 /* Resources */ = {
			isa = PBXResourcesBuildPhase;
			buildActionMask = 2147483647;
			files = (
			);
			runOnlyForDeploymentPostprocessing = 0;
		};
/* End PBXResourcesBuildPhase section */

/* Begin PBXSourcesBuildPhase section */
		11D0A0CD1B219FE900B32638 /* Sources */ = {
			isa = PBXSourcesBuildPhase;
			buildActionMask = 2147483647;
			files = (
				11D0A1091B21A06900B32638 /* UIViewController+HPTabBarController.m in Sources */,
				11D0A0DD1B219FE900B32638 /* ViewController.m in Sources */,
				11D0A1061B21A06900B32638 /* HPTabBarController.m in Sources */,
				11D0A1051B21A06900B32638 /* HPTabBar.m in Sources */,
				11D0A0DA1B219FE900B32638 /* AppDelegate.m in Sources */,
				11D0A1081B21A06900B32638 /* HPTabBarMessage.m in Sources */,
				11D0A1071B21A06900B32638 /* HPTabBarItem.m in Sources */,
				11D0A0D71B219FE900B32638 /* main.m in Sources */,
			);
			runOnlyForDeploymentPostprocessing = 0;
		};
		11D0A0E61B219FE900B32638 /* Sources */ = {
			isa = PBXSourcesBuildPhase;
			buildActionMask = 2147483647;
			files = (
				11D0A0F11B219FE900B32638 /* HPTabBarControllerTests.m in Sources */,
			);
			runOnlyForDeploymentPostprocessing = 0;
		};
/* End PBXSourcesBuildPhase section */

/* Begin PBXTargetDependency section */
		11D0A0EC1B219FE900B32638 /* PBXTargetDependency */ = {
			isa = PBXTargetDependency;
			target = 11D0A0D01B219FE900B32638 /* HPTabBarController */;
			targetProxy = 11D0A0EB1B219FE900B32638 /* PBXContainerItemProxy */;
		};
/* End PBXTargetDependency section */

/* Begin XCBuildConfiguration section */
		11D0A0F21B219FE900B32638 /* Debug */ = {
			isa = XCBuildConfiguration;
			buildSettings = {
				ALWAYS_SEARCH_USER_PATHS = NO;
				CLANG_CXX_LANGUAGE_STANDARD = "gnu++0x";
				CLANG_CXX_LIBRARY = "libc++";
				CLANG_ENABLE_MODULES = YES;
				CLANG_ENABLE_OBJC_ARC = YES;
				CLANG_WARN_BOOL_CONVERSION = YES;
				CLANG_WARN_CONSTANT_CONVERSION = YES;
				CLANG_WARN_DIRECT_OBJC_ISA_USAGE = YES_ERROR;
				CLANG_WARN_EMPTY_BODY = YES;
				CLANG_WARN_ENUM_CONVERSION = YES;
				CLANG_WARN_INFINITE_RECURSION = YES;
				CLANG_WARN_INT_CONVERSION = YES;
				CLANG_WARN_OBJC_ROOT_CLASS = YES_ERROR;
				CLANG_WARN_SUSPICIOUS_MOVE = YES;
				CLANG_WARN_UNREACHABLE_CODE = YES;
				CLANG_WARN__DUPLICATE_METHOD_MATCH = YES;
				"CODE_SIGN_IDENTITY[sdk=iphoneos*]" = "iPhone Developer";
				COPY_PHASE_STRIP = NO;
				DEBUG_INFORMATION_FORMAT = "dwarf-with-dsym";
				ENABLE_STRICT_OBJC_MSGSEND = YES;
				ENABLE_TESTABILITY = YES;
				GCC_C_LANGUAGE_STANDARD = gnu99;
				GCC_DYNAMIC_NO_PIC = NO;
				GCC_NO_COMMON_BLOCKS = YES;
				GCC_OPTIMIZATION_LEVEL = 0;
				GCC_PREPROCESSOR_DEFINITIONS = (
					"DEBUG=1",
					"$(inherited)",
				);
				GCC_SYMBOLS_PRIVATE_EXTERN = NO;
				GCC_WARN_64_TO_32_BIT_CONVERSION = YES;
				GCC_WARN_ABOUT_RETURN_TYPE = YES_ERROR;
				GCC_WARN_UNDECLARED_SELECTOR = YES;
				GCC_WARN_UNINITIALIZED_AUTOS = YES_AGGRESSIVE;
				GCC_WARN_UNUSED_FUNCTION = YES;
				GCC_WARN_UNUSED_VARIABLE = YES;
				IPHONEOS_DEPLOYMENT_TARGET = 8.3;
				MTL_ENABLE_DEBUG_INFO = YES;
				ONLY_ACTIVE_ARCH = YES;
				SDKROOT = iphoneos;
			};
			name = Debug;
		};
		11D0A0F31B219FE900B32638 /* Release */ = {
			isa = XCBuildConfiguration;
			buildSettings = {
				ALWAYS_SEARCH_USER_PATHS = NO;
				CLANG_CXX_LANGUAGE_STANDARD = "gnu++0x";
				CLANG_CXX_LIBRARY = "libc++";
				CLANG_ENABLE_MODULES = YES;
				CLANG_ENABLE_OBJC_ARC = YES;
				CLANG_WARN_BOOL_CONVERSION = YES;
				CLANG_WARN_CONSTANT_CONVERSION = YES;
				CLANG_WARN_DIRECT_OBJC_ISA_USAGE = YES_ERROR;
				CLANG_WARN_EMPTY_BODY = YES;
				CLANG_WARN_ENUM_CONVERSION = YES;
				CLANG_WARN_INFINITE_RECURSION = YES;
				CLANG_WARN_INT_CONVERSION = YES;
				CLANG_WARN_OBJC_ROOT_CLASS = YES_ERROR;
				CLANG_WARN_SUSPICIOUS_MOVE = YES;
				CLANG_WARN_UNREACHABLE_CODE = YES;
				CLANG_WARN__DUPLICATE_METHOD_MATCH = YES;
				"CODE_SIGN_IDENTITY[sdk=iphoneos*]" = "iPhone Developer";
				COPY_PHASE_STRIP = NO;
				DEBUG_INFORMATION_FORMAT = "dwarf-with-dsym";
				ENABLE_NS_ASSERTIONS = NO;
				ENABLE_STRICT_OBJC_MSGSEND = YES;
				GCC_C_LANGUAGE_STANDARD = gnu99;
				GCC_NO_COMMON_BLOCKS = YES;
				GCC_WARN_64_TO_32_BIT_CONVERSION = YES;
				GCC_WARN_ABOUT_RETURN_TYPE = YES_ERROR;
				GCC_WARN_UNDECLARED_SELECTOR = YES;
				GCC_WARN_UNINITIALIZED_AUTOS = YES_AGGRESSIVE;
				GCC_WARN_UNUSED_FUNCTION = YES;
				GCC_WARN_UNUSED_VARIABLE = YES;
				IPHONEOS_DEPLOYMENT_TARGET = 8.3;
				MTL_ENABLE_DEBUG_INFO = NO;
				SDKROOT = iphoneos;
				VALIDATE_PRODUCT = YES;
			};
			name = Release;
		};
		11D0A0F51B219FE900B32638 /* Debug */ = {
			isa = XCBuildConfiguration;
			buildSettings = {
				INFOPLIST_FILE = HPTabBarController/Info.plist;
				IPHONEOS_DEPLOYMENT_TARGET = 8.0;
				LD_RUNPATH_SEARCH_PATHS = "$(inherited) @executable_path/Frameworks";
				PRODUCT_BUNDLE_IDENTIFIER = "katana.$(PRODUCT_NAME:rfc1034identifier)";
				PRODUCT_NAME = "$(TARGET_NAME)";
			};
			name = Debug;
		};
		11D0A0F61B219FE900B32638 /* Release */ = {
			isa = XCBuildConfiguration;
			buildSettings = {
				INFOPLIST_FILE = HPTabBarController/Info.plist;
				IPHONEOS_DEPLOYMENT_TARGET = 8.0;
				LD_RUNPATH_SEARCH_PATHS = "$(inherited) @executable_path/Frameworks";
				PRODUCT_BUNDLE_IDENTIFIER = "katana.$(PRODUCT_NAME:rfc1034identifier)";
				PRODUCT_NAME = "$(TARGET_NAME)";
			};
			name = Release;
		};
		11D0A0F81B219FE900B32638 /* Debug */ = {
			isa = XCBuildConfiguration;
			buildSettings = {
				BUNDLE_LOADER = "$(TEST_HOST)";
				FRAMEWORK_SEARCH_PATHS = (
					"$(SDKROOT)/Developer/Library/Frameworks",
					"$(inherited)",
				);
				GCC_PREPROCESSOR_DEFINITIONS = (
					"DEBUG=1",
					"$(inherited)",
				);
				INFOPLIST_FILE = HPTabBarControllerTests/Info.plist;
				LD_RUNPATH_SEARCH_PATHS = "$(inherited) @executable_path/Frameworks @loader_path/Frameworks";
				PRODUCT_BUNDLE_IDENTIFIER = "katana.$(PRODUCT_NAME:rfc1034identifier)";
				PRODUCT_NAME = "$(TARGET_NAME)";
				TEST_HOST = "$(BUILT_PRODUCTS_DIR)/HPTabBarController.app/HPTabBarController";
			};
			name = Debug;
		};
		11D0A0F91B219FE900B32638 /* Release */ = {
			isa = XCBuildConfiguration;
			buildSettings = {
				BUNDLE_LOADER = "$(TEST_HOST)";
				FRAMEWORK_SEARCH_PATHS = (
					"$(SDKROOT)/Developer/Library/Frameworks",
					"$(inherited)",
				);
				INFOPLIST_FILE = HPTabBarControllerTests/Info.plist;
				LD_RUNPATH_SEARCH_PATHS = "$(inherited) @executable_path/Frameworks @loader_path/Frameworks";
				PRODUCT_BUNDLE_IDENTIFIER = "katana.$(PRODUCT_NAME:rfc1034identifier)";
				PRODUCT_NAME = "$(TARGET_NAME)";
				TEST_HOST = "$(BUILT_PRODUCTS_DIR)/HPTabBarController.app/HPTabBarController";
			};
			name = Release;
		};
/* End XCBuildConfiguration section */

/* Begin XCConfigurationList section */
		11D0A0CC1B219FE900B32638 /* Build configuration list for PBXProject "HPTabBarController" */ = {
			isa = XCConfigurationList;
			buildConfigurations = (
				11D0A0F21B219FE900B32638 /* Debug */,
				11D0A0F31B219FE900B32638 /* Release */,
			);
			defaultConfigurationIsVisible = 0;
			defaultConfigurationName = Release;
		};
		11D0A0F41B219FE900B32638 /* Build configuration list for PBXNativeTarget "HPTabBarController" */ = {
			isa = XCConfigurationList;
			buildConfigurations = (
				11D0A0F51B219FE900B32638 /* Debug */,
				11D0A0F61B219FE900B32638 /* Release */,
			);
			defaultConfigurationIsVisible = 0;
			defaultConfigurationName = Release;
		};
		11D0A0F71B219FE900B32638 /* Build configuration list for PBXNativeTarget "HPTabBarControllerTests" */ = {
			isa = XCConfigurationList;
			buildConfigurations = (
				11D0A0F81B219FE900B32638 /* Debug */,
				11D0A0F91B219FE900B32638 /* Release */,
			);
			defaultConfigurationIsVisible = 0;
			defaultConfigurationName = Release;
		};
/* End XCConfigurationList section */
	};
	rootObject = 11D0A0C91B219FE900B32638 /* Project object */;
}
